
Microsoft Visual Studio Solution File, Format Version 12.00
# Visual Studio Version 16
VisualStudioVersion = 16.0.30330.147
MinimumVisualStudioVersion = 10.0.40219.1
Project("{FAE04EC0-301F-11D3-BF4B-00C04F79EFBC}") = "Workflow", "Workflow\Workflow.csproj", "{5E5BBF4C-E37F-411A-98C7-FEC2DF5DFD7A}"
EndProject
Global
	GlobalSection(SolutionConfigurationPlatforms) = preSolution
		Debug|Any CPU = Debug|Any CPU
		Release|Any CPU = Release|Any CPU
	EndGlobalSection
	GlobalSection(ProjectConfigurationPlatforms) = postSolution
		{5E5BBF4C-E37F-411A-98C7-FEC2DF5DFD7A}.Debug|Any CPU.ActiveCfg = Debug|Any CPU
		{5E5BBF4C-E37F-411A-98C7-FEC2DF5DFD7A}.Debug|Any CPU.Build.0 = Debug|Any CPU
		{5E5BBF4C-E37F-411A-98C7-FEC2DF5DFD7A}.Release|Any CPU.ActiveCfg = Release|Any CPU
		{5E5BBF4C-E37F-411A-98C7-FEC2DF5DFD7A}.Release|Any CPU.Build.0 = Release|Any CPU
	EndGlobalSection
	GlobalSection(SolutionProperties) = preSolution
		HideSolutionNode = FALSE
	EndGlobalSection
	GlobalSection(ExtensibilityGlobals) = postSolution
		SolutionGuid = {236281D2-BF1C-40F5-AB39-F20212BC3875}
	EndGlobalSection
EndGlobal
