
Microsoft Visual Studio Solution File, Format Version 12.00
# Visual Studio Version 16
VisualStudioVersion = 16.0.30330.147
MinimumVisualStudioVersion = 10.0.40219.1
Project("{9092AA53-FB77-4645-B42D-1CCCA6BD08BD}") = "Lead_Form", "Lead\Lead_Form.njsproj", "{4A9147C2-51D2-4085-B882-50E5462233C5}"
EndProject
Project("{9092AA53-FB77-4645-B42D-1CCCA6BD08BD}") = "ActivityButton", "ActivityButton\ActivityButton.njsproj", "{A556B59F-EB2D-4AF9-B6AE-BE7144E792BE}"
EndProject
Global
	GlobalSection(SolutionConfigurationPlatforms) = preSolution
		Debug|Any CPU = Debug|Any CPU
		Release|Any CPU = Release|Any CPU
	EndGlobalSection
	GlobalSection(ProjectConfigurationPlatforms) = postSolution
		{4A9147C2-51D2-4085-B882-50E5462233C5}.Debug|Any CPU.ActiveCfg = Debug|Any CPU
		{4A9147C2-51D2-4085-B882-50E5462233C5}.Debug|Any CPU.Build.0 = Debug|Any CPU
		{4A9147C2-51D2-4085-B882-50E5462233C5}.Release|Any CPU.ActiveCfg = Release|Any CPU
		{4A9147C2-51D2-4085-B882-50E5462233C5}.Release|Any CPU.Build.0 = Release|Any CPU
		{A556B59F-EB2D-4AF9-B6AE-BE7144E792BE}.Debug|Any CPU.ActiveCfg = Debug|Any CPU
		{A556B59F-EB2D-4AF9-B6AE-BE7144E792BE}.Debug|Any CPU.Build.0 = Debug|Any CPU
		{A556B59F-EB2D-4AF9-B6AE-BE7144E792BE}.Release|Any CPU.ActiveCfg = Release|Any CPU
		{A556B59F-EB2D-4AF9-B6AE-BE7144E792BE}.Release|Any CPU.Build.0 = Release|Any CPU
	EndGlobalSection
	GlobalSection(SolutionProperties) = preSolution
		HideSolutionNode = FALSE
	EndGlobalSection
	GlobalSection(ExtensibilityGlobals) = postSolution
		SolutionGuid = {A67C2DA6-08C0-4444-9016-D2DE7DD88886}
	EndGlobalSection
EndGlobal
