
Microsoft Visual Studio Solution File, Format Version 12.00
# Visual Studio Version 16
VisualStudioVersion = 16.0.30413.136
MinimumVisualStudioVersion = 10.0.40219.1
Project("{9092AA53-FB77-4645-B42D-1CCCA6BD08BD}") = "Ribbon Workbench", "Ribbon Workbench\Ribbon Workbench.njsproj", "{7F824188-FC90-4534-9D05-1D276A614390}"
EndProject
Global
	GlobalSection(SolutionConfigurationPlatforms) = preSolution
		Debug|Any CPU = Debug|Any CPU
		Release|Any CPU = Release|Any CPU
	EndGlobalSection
	GlobalSection(ProjectConfigurationPlatforms) = postSolution
		{7F824188-FC90-4534-9D05-1D276A614390}.Debug|Any CPU.ActiveCfg = Debug|Any CPU
		{7F824188-FC90-4534-9D05-1D276A614390}.Debug|Any CPU.Build.0 = Debug|Any CPU
		{7F824188-FC90-4534-9D05-1D276A614390}.Release|Any CPU.ActiveCfg = Release|Any CPU
		{7F824188-FC90-4534-9D05-1D276A614390}.Release|Any CPU.Build.0 = Release|Any CPU
	EndGlobalSection
	GlobalSection(SolutionProperties) = preSolution
		HideSolutionNode = FALSE
	EndGlobalSection
	GlobalSection(ExtensibilityGlobals) = postSolution
		SolutionGuid = {A3513D3E-63B0-406A-9D86-89BC8F95A685}
	EndGlobalSection
EndGlobal
